{
  "name": "reporting-example",
  "version": "1.0.0",
  "lockfileVersion": 2,
  "requires": true,
  "packages": {
    "": {
      "version": "1.0.0",
      "license": "MIT",
      "dependencies": {
        "moment": "^2.29.1",
        "okanjo": "^4.3.0"
      }
    },
    "node_modules/moment": {
      "version": "2.29.1",
      "resolved": "https://registry.npmjs.org/moment/-/moment-2.29.1.tgz",
      "integrity": "sha512-kHmoybcPV8Sqy59DwNDY3Jefr64lK/by/da0ViFcuA4DH0vQg5Q6Ze5VimxkfQNSC+Mls/Kx53s7TjP1RhFEDQ==",
      "engines": {
        "node": "*"
      }
    },
    "node_modules/momentjs": {
      "version": "2.0.0",
      "resolved": "https://registry.npmjs.org/momentjs/-/momentjs-2.0.0.tgz",
      "integrity": "sha1-c9+QS0+kGPbjxgXoMc727VUY69Q=",
      "deprecated": "WARNING: The correct package name for Moment.js is 'moment', not 'momentjs'."
    },
    "node_modules/okanjo": {
      "version": "4.3.0",
      "resolved": "https://registry.npmjs.org/okanjo/-/okanjo-4.3.0.tgz",
      "integrity": "sha512-zT/5o+1Ww2Px2Yy8zZG7wKkTyjAIjuTEFdq3yxnZ9zmVDG+lBNO060VerUnlgdKR9t6RPRIOolb8bVyDjB8qCg=="
    }
  },
  "dependencies": {
    "moment": {
      "version": "2.29.1",
      "resolved": "https://registry.npmjs.org/moment/-/moment-2.29.1.tgz",
      "integrity": "sha512-kHmoybcPV8Sqy59DwNDY3Jefr64lK/by/da0ViFcuA4DH0vQg5Q6Ze5VimxkfQNSC+Mls/Kx53s7TjP1RhFEDQ=="
    },
    "momentjs": {
      "version": "https://registry.npmjs.org/momentjs/-/momentjs-2.0.0.tgz",
      "integrity": "sha1-c9+QS0+kGPbjxgXoMc727VUY69Q="
    },
    "okanjo": {
      "version": "4.3.0",
      "resolved": "https://registry.npmjs.org/okanjo/-/okanjo-4.3.0.tgz",
      "integrity": "sha512-zT/5o+1Ww2Px2Yy8zZG7wKkTyjAIjuTEFdq3yxnZ9zmVDG+lBNO060VerUnlgdKR9t6RPRIOolb8bVyDjB8qCg=="
    }
  }
}
